
Microsoft Visual Studio Solution File, Format Version 12.00
# Visual Studio Version 17
VisualStudioVersion = 17.8.34525.116
MinimumVisualStudioVersion = 10.0.40219.1
Project("{FAE04EC0-301F-11D3-BF4B-00C04F79EFBC}") = "ConsoleAppUBCO", "ConsoleAppUBCO\ConsoleAppUBCO.csproj", "{D93A47D3-9B3B-4F0C-90EB-E6BED8D43A31}"
EndProject
Global
	GlobalSection(SolutionConfigurationPlatforms) = preSolution
		Debug|Any CPU = Debug|Any CPU
		Release|Any CPU = Release|Any CPU
	EndGlobalSection
	GlobalSection(ProjectConfigurationPlatforms) = postSolution
		{D93A47D3-9B3B-4F0C-90EB-E6BED8D43A31}.Debug|Any CPU.ActiveCfg = Debug|Any CPU
		{D93A47D3-9B3B-4F0C-90EB-E6BED8D43A31}.Debug|Any CPU.Build.0 = Debug|Any CPU
		{D93A47D3-9B3B-4F0C-90EB-E6BED8D43A31}.Release|Any CPU.ActiveCfg = Release|Any CPU
		{D93A47D3-9B3B-4F0C-90EB-E6BED8D43A31}.Release|Any CPU.Build.0 = Release|Any CPU
	EndGlobalSection
	GlobalSection(SolutionProperties) = preSolution
		HideSolutionNode = FALSE
	EndGlobalSection
	GlobalSection(ExtensibilityGlobals) = postSolution
		SolutionGuid = {1F8801F1-DBFC-41A1-A09A-88F19538D2A3}
	EndGlobalSection
EndGlobal
